{
    "_readme": [
        "This file locks the dependencies of your project to a known state",
        "Read more about it at https://getcomposer.org/doc/01-basic-usage.md#composer-lock-the-lock-file",
        "This file is @generated automatically"
    ],
    "hash": "b809c1cfa39de5f35476d2cec17e9834",
    "packages": [
        {
            "name": "overtrue/wechat",
            "version": "2.1.x-dev",
            "source": {
                "type": "git",
                "url": "https://github.com/overtrue/wechat.git",
                "reference": "e8092b938403a2cfb534201e97146cb54744a118"
            },
            "dist": {
                "type": "zip",
                "url": "https://api.github.com/repos/overtrue/wechat/zipball/e8092b938403a2cfb534201e97146cb54744a118",
                "reference": "e8092b938403a2cfb534201e97146cb54744a118",
                "shasum": ""
            },
            "require": {
                "ext-mcrypt": "*",
                "php": ">=5.3"
            },
            "type": "library",
            "extra": {
                "branch-alias": {
                    "dev-master": "2.1-dev"
                }
            },
            "autoload": {
                "psr-4": {
                    "Overtrue\\Wechat\\": "src/Wechat/"
                }
            },
            "notification-url": "http://packagist.cn/downloads/",
            "license": [
                "MIT"
            ],
            "authors": [
                {
                    "name": "overtrue",
                    "email": "anzhengchao@gmail.com"
                }
            ],
            "description": "微信SDK",
            "keywords": [
                "sdk",
                "wechat",
                "weixin",
                "weixin-sdk"
            ],
            "time": "2015-06-12 03:03:13"
        }
    ],
    "packages-dev": [],
    "aliases": [],
    "minimum-stability": "dev",
    "stability-flags": {
        "overtrue/wechat": 20
    },
    "prefer-stable": false,
    "prefer-lowest": false,
    "platform": [],
    "platform-dev": []
}
